
Microsoft Visual Studio Solution File, Format Version 12.00
# Visual Studio Version 16
VisualStudioVersion = 16.0.29306.81
MinimumVisualStudioVersion = 10.0.40219.1
Project("{FAE04EC0-301F-11D3-BF4B-00C04F79EFBC}") = "TourApp", "TourApp.csproj", "{69E431DE-809B-4EDA-A541-CD5F2E97D564}"
EndProject
Global
	GlobalSection(SolutionConfigurationPlatforms) = preSolution
		Debug|Any CPU = Debug|Any CPU
		Release|Any CPU = Release|Any CPU
	EndGlobalSection
	GlobalSection(ProjectConfigurationPlatforms) = postSolution
		{69E431DE-809B-4EDA-A541-CD5F2E97D564}.Debug|Any CPU.ActiveCfg = Debug|Any CPU
		{69E431DE-809B-4EDA-A541-CD5F2E97D564}.Debug|Any CPU.Build.0 = Debug|Any CPU
		{69E431DE-809B-4EDA-A541-CD5F2E97D564}.Release|Any CPU.ActiveCfg = Release|Any CPU
		{69E431DE-809B-4EDA-A541-CD5F2E97D564}.Release|Any CPU.Build.0 = Release|Any CPU
	EndGlobalSection
	GlobalSection(SolutionProperties) = preSolution
		HideSolutionNode = FALSE
	EndGlobalSection
	GlobalSection(ExtensibilityGlobals) = postSolution
		SolutionGuid = {4B7DF53C-D6EA-4AE0-931B-11DA5892CAE7}
	EndGlobalSection
EndGlobal
